
Microsoft Visual Studio Solution File, Format Version 12.00
# Visual Studio Version 17
VisualStudioVersion = 17.11.35327.3
MinimumVisualStudioVersion = 10.0.40219.1
Project("{9A19103F-16F7-4668-BE54-9A1E7A4F7556}") = "CoreBlogProject", "CoreBlogProject\CoreBlogProject.csproj", "{D5847AAD-747E-464C-9D86-C71C62262F6D}"
EndProject
Project("{9A19103F-16F7-4668-BE54-9A1E7A4F7556}") = "EntityLayer", "EntityLayer\EntityLayer.csproj", "{BA297B61-967C-4F6D-BB6F-2DBAAEF45233}"
EndProject
Project("{9A19103F-16F7-4668-BE54-9A1E7A4F7556}") = "DataAccessLayer", "DataAccessLayer\DataAccessLayer.csproj", "{E5CC5DF8-D8B6-4308-B464-38567635A14B}"
EndProject
Project("{9A19103F-16F7-4668-BE54-9A1E7A4F7556}") = "BusinessLogicLayer", "BusinessLogicLayer\BusinessLogicLayer.csproj", "{58EAB857-64A7-4EF4-AFC8-0BC6AD60552D}"
EndProject
Global
	GlobalSection(SolutionConfigurationPlatforms) = preSolution
		Debug|Any CPU = Debug|Any CPU
		Release|Any CPU = Release|Any CPU
	EndGlobalSection
	GlobalSection(ProjectConfigurationPlatforms) = postSolution
		{D5847AAD-747E-464C-9D86-C71C62262F6D}.Debug|Any CPU.ActiveCfg = Debug|Any CPU
		{D5847AAD-747E-464C-9D86-C71C62262F6D}.Debug|Any CPU.Build.0 = Debug|Any CPU
		{D5847AAD-747E-464C-9D86-C71C62262F6D}.Release|Any CPU.ActiveCfg = Release|Any CPU
		{D5847AAD-747E-464C-9D86-C71C62262F6D}.Release|Any CPU.Build.0 = Release|Any CPU
		{BA297B61-967C-4F6D-BB6F-2DBAAEF45233}.Debug|Any CPU.ActiveCfg = Debug|Any CPU
		{BA297B61-967C-4F6D-BB6F-2DBAAEF45233}.Debug|Any CPU.Build.0 = Debug|Any CPU
		{BA297B61-967C-4F6D-BB6F-2DBAAEF45233}.Release|Any CPU.ActiveCfg = Release|Any CPU
		{BA297B61-967C-4F6D-BB6F-2DBAAEF45233}.Release|Any CPU.Build.0 = Release|Any CPU
		{E5CC5DF8-D8B6-4308-B464-38567635A14B}.Debug|Any CPU.ActiveCfg = Debug|Any CPU
		{E5CC5DF8-D8B6-4308-B464-38567635A14B}.Debug|Any CPU.Build.0 = Debug|Any CPU
		{E5CC5DF8-D8B6-4308-B464-38567635A14B}.Release|Any CPU.ActiveCfg = Release|Any CPU
		{E5CC5DF8-D8B6-4308-B464-38567635A14B}.Release|Any CPU.Build.0 = Release|Any CPU
		{58EAB857-64A7-4EF4-AFC8-0BC6AD60552D}.Debug|Any CPU.ActiveCfg = Debug|Any CPU
		{58EAB857-64A7-4EF4-AFC8-0BC6AD60552D}.Debug|Any CPU.Build.0 = Debug|Any CPU
		{58EAB857-64A7-4EF4-AFC8-0BC6AD60552D}.Release|Any CPU.ActiveCfg = Release|Any CPU
		{58EAB857-64A7-4EF4-AFC8-0BC6AD60552D}.Release|Any CPU.Build.0 = Release|Any CPU
	EndGlobalSection
	GlobalSection(SolutionProperties) = preSolution
		HideSolutionNode = FALSE
	EndGlobalSection
	GlobalSection(ExtensibilityGlobals) = postSolution
		SolutionGuid = {E8368F16-66CE-409A-97BD-5178E73B8C56}
	EndGlobalSection
EndGlobal
